
Microsoft Visual Studio Solution File, Format Version 12.00
# Visual Studio 15
VisualStudioVersion = 15.0.28010.2046
MinimumVisualStudioVersion = 10.0.40219.1
Project("{8BC9CEB8-8B4A-11D0-8D11-00A0C91BC942}") = "StandardVideoData", "StandardVideoData\StandardVideoData.vcxproj", "{AA5F1B43-9709-4515-8952-790FDE9A55E5}"
EndProject
Global
	GlobalSection(SolutionConfigurationPlatforms) = preSolution
		Debug|x64 = Debug|x64
		Debug|x86 = Debug|x86
		Release|x64 = Release|x64
		Release|x86 = Release|x86
	EndGlobalSection
	GlobalSection(ProjectConfigurationPlatforms) = postSolution
		{AA5F1B43-9709-4515-8952-790FDE9A55E5}.Debug|x64.ActiveCfg = Debug|x64
		{AA5F1B43-9709-4515-8952-790FDE9A55E5}.Debug|x64.Build.0 = Debug|x64
		{AA5F1B43-9709-4515-8952-790FDE9A55E5}.Debug|x86.ActiveCfg = Debug|Win32
		{AA5F1B43-9709-4515-8952-790FDE9A55E5}.Debug|x86.Build.0 = Debug|Win32
		{AA5F1B43-9709-4515-8952-790FDE9A55E5}.Release|x64.ActiveCfg = Release|x64
		{AA5F1B43-9709-4515-8952-790FDE9A55E5}.Release|x64.Build.0 = Release|x64
		{AA5F1B43-9709-4515-8952-790FDE9A55E5}.Release|x86.ActiveCfg = Release|Win32
		{AA5F1B43-9709-4515-8952-790FDE9A55E5}.Release|x86.Build.0 = Release|Win32
	EndGlobalSection
	GlobalSection(SolutionProperties) = preSolution
		HideSolutionNode = FALSE
	EndGlobalSection
	GlobalSection(ExtensibilityGlobals) = postSolution
		SolutionGuid = {EF990471-6824-46DD-BC23-79DF0A58DD83}
	EndGlobalSection
EndGlobal
